github.com/apple/pkl-go v0.10.0 h1:meKk0ZlEYaS9wtJdD2RknmfJvuyiwHXaq/YV27f36qM=
github.com/apple/pkl-go v0.10.0/go.mod h1:EDQmYVtFBok/eLI+9rT0EoBBXNtMM1THwR+rwBcAH3I=
github.com/appscode/jsonpatch v1.0.1 h1:e82Bj+rsBSnpsmjiIGlc9NiKSBpJONZkamk/F8GrCR0=
github.com/appscode/jsonpatch v1.0.1/go.mod h1:4AJxUpXUhv4N+ziTvIcWWXgeorXpxPZOfk9HdEVr96M=
github.com/aws/aws-lambda-go v1.49.0 h1:z4VhTqkFZPM3xpEtTqWqRqsRH4TZBMJqTkRiBPYLqIQ=
github.com/aws/aws-lambda-go v1.49.0/go.mod h1:dpMpZgvWx5vuQJfBt0zqBha60q7Dd7RfgJv23DymV8A=
github.com/aws/aws-sdk-go-v2 v1.39.0 h1:xm5WV/2L4emMRmMjHFykqiA4M/ra0DJVSWUkDyBjbg4=
github.com/aws/aws-sdk-go-v2 v1.39.0/go.mod h1:sDioUELIUO9Znk23YVmIk86/9DOpkbyyVb1i/gUNFXY=
github.com/aws/aws-sdk-go-v2/aws/protocol/eventstream v1.7.1 h1:i8p8P4diljCr60PpJp6qZXNlgX4m2yQFpYk+9ZT+J4E=
github.com/aws/aws-sdk-go-v2/aws/protocol/eventstream v1.7.1/go.mod h1:ddqbooRZYNoJ2dsTwOty16rM+/Aqmk/GOXrK8cg7V00=
github.com/aws/aws-sdk-go-v2/config v1.31.7 h1:zS1O6hr6t0nZdBCMFc/c9OyZFyLhXhf/B2IZ9Y0lRQE=
github.com/aws/aws-sdk-go-v2/config v1.31.7/go.mod h1:GpHmi1PQDdL5pP4JaB00pU0ek4EXVcYH7IkjkUadQmM=
github.com/aws/aws-sdk-go-v2/credentials v1.18.11 h1:1Fnb+7Dk96/VYx/uYfzk5sU2V0b0y2RWZROiMZCN/Io=
github.com/aws/aws-sdk-go-v2/credentials v1.18.11/go.mod h1:iuvn9v10dkxU4sDgtTXGWY0MrtkEcmkUmjv4clxhuTc=
github.com/aws/aws-sdk-go-v2/feature/ec2/imds v1.18.7 h1:Is2tPmieqGS2edBnmOJIbdvOA6Op+rRpaYR60iBAwXM=
github.com/aws/aws-sdk-go-v2/feature/ec2/imds v1.18.7/go.mod h1:F1i5V5421EGci570yABvpIXgRIBPb5JM+lSkHF6Dq5w=
github.com/aws/aws-sdk-go-v2/internal/configsources v1.4.7 h1:UCxq0X9O3xrlENdKf1r9eRJoKz/b0AfGkpp3a7FPlhg=
github.com/aws/aws-sdk-go-v2/internal/configsources v1.4.7/go.mod h1:rHRoJUNUASj5Z/0eqI4w32vKvC7atoWR0jC+IkmVH8k=
github.com/aws/aws-sdk-go-v2/internal/endpoints/v2 v2.7.7 h1:Y6DTZUn7ZUC4th9FMBbo8LVE+1fyq3ofw+tRwkUd3PY=
github.com/aws/aws-sdk-go-v2/internal/endpoints/v2 v2.7.7/go.mod h1:x3XE6vMnU9QvHN/Wrx2s44kwzV2o2g5x/siw4ZUJ9g8=
github.com/aws/aws-sdk-go-v2/internal/ini v1.8.3 h1:bIqFDwgGXXN1Kpp99pDOdKMTTb5d2KyU5X/BZxjOkRo=
github.com/aws/aws-sdk-go-v2/internal/ini v1.8.3/go.mod h1:H5O/EsxDWyU+LP/V8i5sm8cxoZgc2fdNR9bxlOFrQTo=
github.com/aws/aws-sdk-go-v2/internal/v4a v1.4.7 h1:BszAktdUo2xlzmYHjWMq70DqJ7cROM8iBd3f6hrpuMQ=
github.com/aws/aws-sdk-go-v2/internal/v4a v1.4.7/go.mod h1:XJ1yHki/P7ZPuG4fd3f0Pg/dSGA2cTQBCLw82MH2H48=
github.com/aws/aws-sdk-go-v2/service/acm v1.37.3 h1:VUbqaG9R8mS6ogJGx+AHJ9W+F4Y70pnL22UW4DBocAw=
github.com/aws/aws-sdk-go-v2/service/acm v1.37.3/go.mod h1:ne6qRVJDTR/w+X72nwE+FrJeWjidVANOuHiPL47wzg4=
github.com/aws/aws-sdk-go-v2/service/bedrockruntime v1.40.0 h1:t1OCherpYlZqtG0UQXIyZ3SGzhwMq/P4pdFgQanBLsw=
github.com/aws/aws-sdk-go-v2/service/bedrockruntime v1.40.0/go.mod h1:TM6uf2HPJT5w1RSPGHwtHDo8XDHUSHoBrGVKqA12cAU=
github.com/aws/aws-sdk-go-v2/service/cloudcontrol v1.28.3 h1:CgiwKnoXCnBIGjfszZQeRGifq/e3EgxevAAeD/rNa+Y=
github.com/aws/aws-sdk-go-v2/service/cloudcontrol v1.28.3/go.mod h1:HYQkrJctfx1pey/YAFRMAKcOlp01pBY5xpVGVZt6kxk=
github.com/aws/aws-sdk-go-v2/service/cloudformation v1.66.1 h1:5HZUkH4sPTJkivr07q4Tu2AGPcttKxLRri8LCstfZs8=
github.com/aws/aws-sdk-go-v2/service/cloudformation v1.66.1/go.mod h1:eTAwEMBFx1uY9cnjh98c1V7GFqftJRb5X3wrUW04BTg=
github.com/aws/aws-sdk-go-v2/service/cloudfront v1.54.1 h1:zDW02Yz5oAAdtZbIN8d5/XNc49hUAOLcVdzeYZqYReU=
github.com/aws/aws-sdk-go-v2/service/cloudfront v1.54.1/go.mod h1:InweIIn0Fz58J7FIBpBOPfjLuIhKcK1G+Ia8Gwxod9w=
github.com/aws/aws-sdk-go-v2/service/codeartifact v1.38.3 h1:Oh1V3SK2iV8WvZS5vnU66xRGbskZ77yR/YthjwaBOCM=
github.com/aws/aws-sdk-go-v2/service/codeartifact v1.38.3/go.mod h1:7BroBfL6xrlb00bp3fugPU/DJW/5wLgcmhBasBnC+ro=
github.com/aws/aws-sdk-go-v2/service/dynamodb v1.50.2 h1:oQT34UrvH3ZyaRZsIuoPcplH3O3LDSbRYSEU77RafeI=
github.com/aws/aws-sdk-go-v2/service/dynamodb v1.50.2/go.mod h1:lXFSTFpnhgc8Qb/meseIt7+UXPiidZm0DbiDqmPHBTQ=
github.com/aws/aws-sdk-go-v2/service/ec2 v1.251.1 h1:DCsvFxkh1mpniU8TC6mBNlCmGIACV9+bZD1Pq/s1dzc=
github.com/aws/aws-sdk-go-v2/service/ec2 v1.251.1/go.mod h1:MXJiLJZtMqb2dVXgEIn35d5+7MqLd4r8noLen881kpk=
github.com/aws/aws-sdk-go-v2/service/iam v1.47.4 h1:3jK50qpmtonshV/dumtlzZA/0i8vp8a0KqWThrXnhpI=
github.com/aws/aws-sdk-go-v2/service/iam v1.47.4/go.mod h1:0y7wFmnEg9xTZxjmr2gHQ4xOHpCfrt70lFWTOAkrij4=
github.com/aws/aws-sdk-go-v2/service/internal/accept-encoding v1.13.1 h1:oegbebPEMA/1Jny7kvwejowCaHz1FWZAQ94WXFNCyTM=
github.com/aws/aws-sdk-go-v2/service/internal/accept-encoding v1.13.1/go.mod h1:kemo5Myr9ac0U9JfSjMo9yHLtw+pECEHsFtJ9tqCEI8=
github.com/aws/aws-sdk-go-v2/service/internal/checksum v1.8.7 h1:zmZ8qvtE9chfhBPuKB2aQFxW5F/rpwXUgmcVCgQzqRw=
github.com/aws/aws-sdk-go-v2/service/internal/checksum v1.8.7/go.mod h1:vVYfbpd2l+pKqlSIDIOgouxNsGu5il9uDp0ooWb0jys=
github.com/aws/aws-sdk-go-v2/service/internal/endpoint-discovery v1.11.7 h1:VN9u746Erhm6xnVSmaUd1Saxs1MVZVum6v2yPOqj8xQ=
github.com/aws/aws-sdk-go-v2/service/internal/endpoint-discovery v1.11.7/go.mod h1:j0BhJWTdVsYsllEfO0E8EXtLToU8U7QeA7Gztxrl/8g=
github.com/aws/aws-sdk-go-v2/service/internal/presigned-url v1.13.7 h1:mLgc5QIgOy26qyh5bvW+nDoAppxgn3J2WV3m9ewq7+8=
github.com/aws/aws-sdk-go-v2/service/internal/presigned-url v1.13.7/go.mod h1:wXb/eQnqt8mDQIQTTmcw58B5mYGxzLGZGK8PWNFZ0BA=
github.com/aws/aws-sdk-go-v2/service/internal/s3shared v1.19.7 h1:u3VbDKUCWarWiU+aIUK4gjTr/wQFXV17y3hgNno9fcA=
github.com/aws/aws-sdk-go-v2/service/internal/s3shared v1.19.7/go.mod h1:/OuMQwhSyRapYxq6ZNpPer8juGNrB4P5Oz8bZ2cgjQE=
github.com/aws/aws-sdk-go-v2/service/kms v1.45.2 h1:8ZT2x7reXVcZ1WTL1ZhbrtHAZ0FDoUckCOfCY3hj1n4=
github.com/aws/aws-sdk-go-v2/service/kms v1.45.2/go.mod h1:EADaLXofJkof++MP9zhzSZ0byBMOZTIRjtJO/ZMuPVE=
github.com/aws/aws-sdk-go-v2/service/lightsail v1.48.3 h1:rM9m9IqU8Xe2iri5POlPYJqozcrpumFh9+P7RQuXFJw=
github.com/aws/aws-sdk-go-v2/service/lightsail v1.48.3/go.mod h1:O5Ew7rQ2iERj/HtA0AxBWymP0UVcG4iuMoIQzbRhcZU=
github.com/aws/aws-sdk-go-v2/service/rds v1.106.1 h1:z/PNnuOCKZDfeaSHwRUiP6GxsP4m6dQYOZNgqyYDj2o=
github.com/aws/aws-sdk-go-v2/service/rds v1.106.1/go.mod h1:EVYMTmrAQr0LbGPy3FxHJHvPcP8x6byBwFJ9fUZKU3Q=
github.com/aws/aws-sdk-go-v2/service/s3 v1.88.0 h1:k5JXPr+2SrPDwM3PdygZUenn0lVPLa3KOs7cCYqinFs=
github.com/aws/aws-sdk-go-v2/service/s3 v1.88.0/go.mod h1:xajPTguLoeQMAOE44AAP2RQoUhF8ey1g5IFHARv71po=
github.com/aws/aws-sdk-go-v2/service/sagemaker v1.215.0 h1:ql9qBtq3g5uYsOyDUsXRBo7JcW8D67PxUkolgw1kjS4=
github.com/aws/aws-sdk-go-v2/service/sagemaker v1.215.0/go.mod h1:fKQyhwdNeHKwwLhdvxw31qUtK+rYr8i/8e9wA8eHa+A=
github.com/aws/aws-sdk-go-v2/service/servicequotas v1.32.2 h1:fEoZDba5jGATkaR8Guqm1hHymfwOvn8nI7aCJcePv8g=
github.com/aws/aws-sdk-go-v2/service/servicequotas v1.32.2/go.mod h1:spOhDlIdJOt54qozrlq8UGLpUcX3Uwrs7dy7CrF/Imk=
github.com/aws/aws-sdk-go-v2/service/ssm v1.64.3 h1:0vR3D1PTK2s1BDqlIgbSvGSIagR3qlSxWllTzuAImA0=
github.com/aws/aws-sdk-go-v2/service/ssm v1.64.3/go.mod h1:5O20AzpAiVXhRhrJd5Tv9vh1gA5+iYHqAMVc+6t4q7g=
github.com/aws/aws-sdk-go-v2/service/sso v1.29.2 h1:rcoTaYOhGE/zfxE1uR6X5fvj+uKkqeCNRE0rBbiQM34=
github.com/aws/aws-sdk-go-v2/service/sso v1.29.2/go.mod h1:Ql6jE9kyyWI5JHn+61UT/Y5Z0oyVJGmgmJbZD5g4unY=
github.com/aws/aws-sdk-go-v2/service/ssooidc v1.34.3 h1:BSIfeFtU9tlSt8vEYS7KzurMoAuYzYPWhcZiMtxVf2M=
github.com/aws/aws-sdk-go-v2/service/ssooidc v1.34.3/go.mod h1:XclEty74bsGBCr1s0VSaA11hQ4ZidK4viWK7rRfO88I=
github.com/aws/aws-sdk-go-v2/service/sts v1.38.3 h1:yEiZ0ztgji2GsCb/6uQSITXcGdtmWMfLRys0jJFiUkc=
github.com/aws/aws-sdk-go-v2/service/sts v1.38.3/go.mod h1:Z+Gd23v97pX9zK97+tX4ppAgqCt3Z2dIXB02CtBncK8=
github.com/aws/smithy-go v1.23.0 h1:8n6I3gXzWJB2DxBDnfxgBaSX6oe0d/t10qGz7OKqMCE=
github.com/aws/smithy-go v1.23.0/go.mod h1:t1ufH5HMublsJYulve2RKmHDC15xu1f26kHCp/HgceI=
github.com/chzyer/logex v1.1.10/go.mod h1:+Ywpsq7O8HXn0nuIou7OrIPyXbp3wmkHB+jjWRnGsAI=
github.com/chzyer/logex v1.2.1 h1:XHDu3E6q+gdHgsdTPH6ImJMIp436vR6MPtH8gP05QzM=
github.com/chzyer/logex v1.2.1/go.mod h1:JLbx6lG2kDbNRFnfkgvh4eRJRPX1QCoOIWomwysCBrQ=
github.com/chzyer/readline v0.0.0-20180603132655-2972be24d48e/go.mod h1:nSuG5e5PlCu98SY8svDHJxuZscDgtXS6KTTbou5AhLI=
github.com/chzyer/readline v1.5.1 h1:upd/6fQk4src78LMRzh5vItIt361/o4uq553V8B5sGI=
github.com/chzyer/readline v1.5.1/go.mod h1:Eh+b79XXUwfKfcPLepksvw2tcLE/Ct21YObkaSkeBlk=
github.com/chzyer/test v0.0.0-20180213035817-a1ea475d72b1/go.mod h1:Q3SI9o4m/ZMnBNeIyt5eFwwo7qiLfzFZmjNmxjkiQlU=
github.com/chzyer/test v1.0.0 h1:p3BQDXSxOhOG0P9z6/hGnII4LGiEPOYBhs8asl/fC04=
github.com/chzyer/test v1.0.0/go.mod h1:2JlltgoNkt4TW/z9V/IzDdFaMTM2JPIi26O1pF38GC8=
github.com/cpuguy83/go-md2man/v2 v2.0.6/go.mod h1:oOW0eioCTA6cOiMLiUPZOpcVxMig6NIQQ7OS05n1F4g=
github.com/cpuguy83/go-md2man/v2 v2.0.7 h1:zbFlGlXEAKlwXpmvle3d8Oe3YnkKIK4xSRTd3sHPnBo=
github.com/cpuguy83/go-md2man/v2 v2.0.7/go.mod h1:oOW0eioCTA6cOiMLiUPZOpcVxMig6NIQQ7OS05n1F4g=
github.com/davecgh/go-spew v1.1.0/go.mod h1:J7Y8YcW2NihsgmVo/mv3lAwl/skON4iLHjSsI+c5H38=
github.com/davecgh/go-spew v1.1.1 h1:vj9j/u1bqnvCEfJOwUhtlOARqs3+rkHYY13jYWTU97c=
github.com/davecgh/go-spew v1.1.1/go.mod h1:J7Y8YcW2NihsgmVo/mv3lAwl/skON4iLHjSsI+c5H38=
github.com/decred/dcrd/dcrec/secp256k1/v4 v4.4.0 h1:NMZiJj8QnKe1LgsbDayM4UoHwbvwDRwnI3hwNaAHRnc=
github.com/decred/dcrd/dcrec/secp256k1/v4 v4.4.0/go.mod h1:ZXNYxsqcloTdSy/rNShjYzMhyjf0LaoftYK0p+A3h40=
github.com/evanphx/json-patch v4.0.0+incompatible h1:xregGRMLBeuRcwiOTHRCsPPuzCQlqhxUPbqdw+zNkLc=
github.com/evanphx/json-patch v4.0.0+incompatible/go.mod h1:50XU6AFN0ol/bzJsmQLiYLvXMP4fmwYFNcr97nuDLSk=
github.com/fatih/color v1.18.0 h1:S8gINlzdQ840/4pfAwic/ZE0djQEH3wM94VfqLTZcOM=
github.com/fatih/color v1.18.0/go.mod h1:4FelSpRwEGDpQ12mAdzqdOukCy4u8WUtOY6lkT/6HfU=
github.com/gabriel-vasile/mimetype v1.4.9 h1:5k+WDwEsD9eTLL8Tz3L0VnmVh9QxGjRmjBvAG7U/oYY=
github.com/gabriel-vasile/mimetype v1.4.9/go.mod h1:WnSQhFKJuBlRyLiKohA/2DtIlPFAbguNaG7QCHcyGok=
github.com/goccy/go-json v0.10.5 h1:Fq85nIqj+gXn/S5ahsiTlK3TmC85qgirsdTP/+DeaC4=
github.com/goccy/go-json v0.10.5/go.mod h1:oq7eo15ShAhp70Anwd5lgX2pLfOS3QCiwU/PULtXL6M=
github.com/google/go-cmp v0.7.0 h1:wk8382ETsv4JYUZwIsn6YpYiWiBsYLSJiTsyBybVuN8=
github.com/google/go-cmp v0.7.0/go.mod h1:pXiqmnSA92OHEEa9HXL2W4E7lf9JzCmGVUdgjX3N/iU=
github.com/google/uuid v1.6.0 h1:NIvaJDMOsjHA8n1jAhLSgzrAzy1Hgr+hNrb57e+94F0=
github.com/google/uuid v1.6.0/go.mod h1:TIyPZe4MgqvfeYDBFedMoGGpEw/LqOeaOT+nhxU+yHo=
github.com/gookit/color v1.5.4 h1:FZmqs7XOyGgCAxmWyPslpiok1k05wmY3SJTytgvYFs0=
github.com/gookit/color v1.5.4/go.mod h1:pZJOeOS8DM43rXbp4AZo1n9zCU2qjpcRko0b6/QJi9w=
github.com/inconshreveable/mousetrap v1.1.0 h1:wN+x4NVGpMsO7ErUn/mUI3vEoE6Jt13X2s0bqwp9tc8=
github.com/inconshreveable/mousetrap v1.1.0/go.mod h1:vpF70FUmC8bwa3OWnCshd2FqLfsEA9PFc4w1p2J65bw=
github.com/lestrrat-go/blackmagic v1.0.4 h1:IwQibdnf8l2KoO+qC3uT4OaTWsW7tuRQXy9TRN9QanA=
github.com/lestrrat-go/blackmagic v1.0.4/go.mod h1:6AWFyKNNj0zEXQYfTMPfZrAXUWUfTIZ5ECEUEJaijtw=
github.com/lestrrat-go/httpcc v1.0.1 h1:ydWCStUeJLkpYyjLDHihupbn2tYmZ7m22BGkcvZZrIE=
github.com/lestrrat-go/httpcc v1.0.1/go.mod h1:qiltp3Mt56+55GPVCbTdM9MlqhvzyuL6W/NMDA8vA5E=
github.com/lestrrat-go/httprc v1.0.6 h1:qgmgIRhpvBqexMJjA/PmwSvhNk679oqD1RbovdCGW8k=
github.com/lestrrat-go/httprc v1.0.6/go.mod h1:mwwz3JMTPBjHUkkDv/IGJ39aALInZLrhBp0X7KGUZlo=
github.com/lestrrat-go/iter v1.0.2 h1:gMXo1q4c2pHmC3dn8LzRhJfP1ceCbgSiT9lUydIzltI=
github.com/lestrrat-go/iter v1.0.2/go.mod h1:Momfcq3AnRlRjI5b5O8/G5/BvpzrhoFTZcn06fEOPt4=
github.com/lestrrat-go/jwx/v2 v2.1.6 h1:hxM1gfDILk/l5ylers6BX/Eq1m/pnxe9NBwW6lVfecA=
github.com/lestrrat-go/jwx/v2 v2.1.6/go.mod h1:Y722kU5r/8mV7fYDifjug0r8FK8mZdw0K0GpJw/l8pU=
github.com/lestrrat-go/option v1.0.1 h1:oAzP2fvZGQKWkvHa1/SAcFolBEca1oN+mQ7eooNBEYU=
github.com/lestrrat-go/option v1.0.1/go.mod h1:5ZHFbivi4xwXxhxY9XHDe2FHo6/Z7WWmtT7T5nBBp3I=
github.com/manifoldco/promptui v0.9.0 h1:3V4HzJk1TtXW1MTZMP7mdlwbBpIinw3HztaIlYthEiA=
github.com/manifoldco/promptui v0.9.0/go.mod h1:ka04sppxSGFAtxX0qhlYQjISsg9mR4GWtQEhdbn6Pgg=
github.com/mattn/go-colorable v0.1.14 h1:9A9LHSqF/7dyVVX6g0U9cwm9pG3kP9gSzcuIPHPsaIE=
github.com/mattn/go-colorable v0.1.14/go.mod h1:6LmQG8QLFO4G5z1gPvYEzlUgJ2wF+stgPZH1UqBm1s8=
github.com/mattn/go-isatty v0.0.20 h1:xfD0iDuEKnDkl03q4limB+vH+GxLEtL/jb4xVJSWWEY=
github.com/mattn/go-isatty v0.0.20/go.mod h1:W+V8PltTTMOvKvAeJH7IuucS94S2C6jfK/D7dTCTo3Y=
github.com/mattn/go-runewidth v0.0.16 h1:E5ScNMtiwvlvB5paMFdw9p4kSQzbXFikJ5SQO6TULQc=
github.com/mattn/go-runewidth v0.0.16/go.mod h1:Jdepj2loyihRzMpdS35Xk/zdY8IAYHsh153qUoGf23w=
github.com/nathan-fiscaletti/consolesize-go v0.0.0-20220204101620-317176b6684d h1:NqRhLdNVlozULwM1B3VaHhcXYSgrOAv8V5BE65om+1Q=
github.com/nathan-fiscaletti/consolesize-go v0.0.0-20220204101620-317176b6684d/go.mod h1:cxIIfNMTwff8f/ZvRouvWYF6wOoO7nj99neWSx2q/Es=
github.com/pmezard/go-difflib v1.0.0 h1:4DBwDE0NGyQoBHbLQYPwSUPoCMWR5BEzIk/f1lZbAQM=
github.com/pmezard/go-difflib v1.0.0/go.mod h1:iKH77koFhYxTK1pcRnkKkqfTogsbg7gZNVY4sRDYZ/4=
github.com/rivo/uniseg v0.2.0/go.mod h1:J6wj4VEh+S6ZtnVlnTBMWIodfgj8LQOQFoIToxlJtxc=
github.com/rivo/uniseg v0.4.7 h1:WUdvkW8uEhrYfLC4ZzdpI2ztxP1I582+49Oc5Mq64VQ=
github.com/rivo/uniseg v0.4.7/go.mod h1:FN3SvrM+Zdj16jyLfmOkMNblXMcoc8DfTHruCPUcx88=
github.com/russross/blackfriday/v2 v2.1.0 h1:JIOH55/0cWyOuilr9/qlrm0BSXldqnqwMsf35Ld67mk=
github.com/russross/blackfriday/v2 v2.1.0/go.mod h1:+Rmxgy9KzJVeS9/2gXHxylqXiyQDYRxCVz55jmeOWTM=
github.com/segmentio/asm v1.2.0 h1:9BQrFxC+YOHJlTlHGkTrFWf59nbL3XnCoFLTwDCI7ys=
github.com/segmentio/asm v1.2.0/go.mod h1:BqMnlJP91P8d+4ibuonYZw9mfnzI9HfxselHZr5aAcs=
github.com/spf13/cobra v1.9.1 h1:CXSaggrXdbHK9CF+8ywj8Amf7PBRmPCOJugH954Nnlo=
github.com/spf13/cobra v1.9.1/go.mod h1:nDyEzZ8ogv936Cinf6g1RU9MRY64Ir93oCnqb9wxYW0=
github.com/spf13/pflag v1.0.6 h1:jFzHGLGAlb3ruxLB8MhbI6A8+AQX/2eW4qeyNZXNp2o=
github.com/spf13/pflag v1.0.6/go.mod h1:McXfInJRrz4CZXVZOBLb0bTZqETkiAhM9Iw0y3An2Bg=
github.com/stretchr/objx v0.1.0/go.mod h1:HFkY916IF+rwdDfMAkV7OtwuqBVzrE8GR6GFx+wExME=
github.com/stretchr/testify v1.2.2/go.mod h1:a8OnRcib4nhh0OaRAV+Yts87kKdq0PP7pXfy6kDkUVs=
github.com/stretchr/testify v1.6.1/go.mod h1:6Fq8oRcR53rry900zMqJjRRixrwX3KX962/h/Wwjteg=
github.com/stretchr/testify v1.7.1/go.mod h1:6Fq8oRcR53rry900zMqJjRRixrwX3KX962/h/Wwjteg=
github.com/stretchr/testify v1.10.0 h1:Xv5erBjTwe/5IxqUQTdXv5kgmIvbHo3QQyRwhJsOfJA=
github.com/stretchr/testify v1.10.0/go.mod h1:r2ic/lqez/lEtzL7wO/rwa5dbSLXVDPFyf8C91i36aY=
github.com/vmihailenco/msgpack/v5 v5.4.1 h1:cQriyiUvjTwOHg8QZaPihLWeRAAVoCpE00IUPn0Bjt8=
github.com/vmihailenco/msgpack/v5 v5.4.1/go.mod h1:GaZTsDaehaPpQVyxrf5mtQlH+pc21PIudVV/E3rRQok=
github.com/vmihailenco/tagparser/v2 v2.0.0 h1:y09buUbR+b5aycVFQs/g70pqKVZNBmxwAhO7/IwNM9g=
github.com/vmihailenco/tagparser/v2 v2.0.0/go.mod h1:Wri+At7QHww0WTrCBeu4J6bNtoV6mEfg5OIWRZA9qds=
github.com/xo/terminfo v0.0.0-20220910002029-abceb7e1c41e h1:JVG44RsyaB9T2KIHavMF/ppJZNG9ZpyihvCd0w101no=
github.com/xo/terminfo v0.0.0-20220910002029-abceb7e1c41e/go.mod h1:RbqR21r5mrJuqunuUZ/Dhy/avygyECGrLceyNeo4LiM=
golang.org/x/crypto v0.39.0 h1:SHs+kF4LP+f+p14esP5jAoDpHU8Gu/v9lFRK6IT5imM=
golang.org/x/crypto v0.39.0/go.mod h1:L+Xg3Wf6HoL4Bn4238Z6ft6KfEpN0tJGo53AAPC632U=
golang.org/x/exp v0.0.0-20250620022241-b7579e27df2b h1:M2rDM6z3Fhozi9O7NWsxAkg/yqS/lQJ6PmkyIV3YP+o=
golang.org/x/exp v0.0.0-20250620022241-b7579e27df2b/go.mod h1:3//PLf8L/X+8b4vuAfHzxeRUl04Adcb341+IGKfnqS8=
golang.org/x/net v0.41.0 h1:vBTly1HeNPEn3wtREYfy4GZ/NECgw2Cnl+nK6Nz3uvw=
golang.org/x/net v0.41.0/go.mod h1:B/K4NNqkfmg07DQYrbwvSluqCJOOXwUjeb/5lOisjbA=
golang.org/x/sys v0.0.0-20181122145206-62eef0e2fa9b/go.mod h1:STP8DvDyc/dI5b8T5hshtkjS+E42TnysNCUPdjciGhY=
golang.org/x/sys v0.0.0-20220310020820-b874c991c1a5/go.mod h1:oPkhp1MJrh7nUepCBck5+mAzfO9JrbApNNgaTdGDITg=
golang.org/x/sys v0.6.0/go.mod h1:oPkhp1MJrh7nUepCBck5+mAzfO9JrbApNNgaTdGDITg=
golang.org/x/sys v0.33.0 h1:q3i8TbbEz+JRD9ywIRlyRAQbM0qF7hu24q3teo2hbuw=
golang.org/x/sys v0.33.0/go.mod h1:BJP2sWEmIv4KK5OTEluFJCKSidICx8ciO85XgH3Ak8k=
golang.org/x/term v0.32.0 h1:DR4lr0TjUs3epypdhTOkMmuF5CDFJ/8pOnbzMZPQ7bg=
golang.org/x/term v0.32.0/go.mod h1:uZG1FhGx848Sqfsq4/DlJr3xGGsYMu/L5GW4abiaEPQ=
gopkg.in/check.v1 v0.0.0-20161208181325-20d25e280405 h1:yhCVgyC4o1eVCa2tZl7eS0r+SDo693bJlVdllGtEeKM=
gopkg.in/check.v1 v0.0.0-20161208181325-20d25e280405/go.mod h1:Co6ibVJAznAaIkqp8huTwlJQCZ016jof/cbN4VW5Yz0=
gopkg.in/yaml.v2 v2.4.0 h1:D8xgwECY7CYvx+Y2n4sBz93Jn9JRvxdiyyo8CTfuKaY=
gopkg.in/yaml.v2 v2.4.0/go.mod h1:RDklbk79AGWmwhnvt/jBztapEOGDOx6ZbXqjP6csGnQ=
gopkg.in/yaml.v3 v3.0.0-20200313102051-9f266ea9e77c/go.mod h1:K4uyk7z7BCEPqu6E+C64Yfv1cQ7kz7rIZviUmN+EgEM=
gopkg.in/yaml.v3 v3.0.1 h1:fxVm/GzAzEWqLHuvctI91KS9hhNmmWOoWu0XTYJS7CA=
gopkg.in/yaml.v3 v3.0.1/go.mod h1:K4uyk7z7BCEPqu6E+C64Yfv1cQ7kz7rIZviUmN+EgEM=
